
Microsoft Visual Studio Solution File, Format Version 12.00
# Visual Studio Version 17
VisualStudioVersion = 17.14.36109.1 d17.14
MinimumVisualStudioVersion = 10.0.40219.1
Project("{FAE04EC0-301F-11D3-BF4B-00C04F79EFBC}") = "GraphicsAlgorithmsApp", "GraphicsAlgorithmsApp\GraphicsAlgorithmsApp.csproj", "{049884E0-BBE3-4A75-A4F6-D32E0371693F}"
EndProject
Global
	GlobalSection(SolutionConfigurationPlatforms) = preSolution
		Debug|Any CPU = Debug|Any CPU
		Release|Any CPU = Release|Any CPU
	EndGlobalSection
	GlobalSection(ProjectConfigurationPlatforms) = postSolution
		{049884E0-BBE3-4A75-A4F6-D32E0371693F}.Debug|Any CPU.ActiveCfg = Debug|Any CPU
		{049884E0-BBE3-4A75-A4F6-D32E0371693F}.Debug|Any CPU.Build.0 = Debug|Any CPU
		{049884E0-BBE3-4A75-A4F6-D32E0371693F}.Release|Any CPU.ActiveCfg = Release|Any CPU
		{049884E0-BBE3-4A75-A4F6-D32E0371693F}.Release|Any CPU.Build.0 = Release|Any CPU
	EndGlobalSection
	GlobalSection(SolutionProperties) = preSolution
		HideSolutionNode = FALSE
	EndGlobalSection
	GlobalSection(ExtensibilityGlobals) = postSolution
		SolutionGuid = {2D172D18-DB9A-4CEC-A20A-E1D97FEEBD4E}
	EndGlobalSection
EndGlobal
